
Microsoft Visual Studio Solution File, Format Version 12.00
# Visual Studio 15
VisualStudioVersion = 15.0.27004.2002
MinimumVisualStudioVersion = 10.0.40219.1
Project("{FAE04EC0-301F-11D3-BF4B-00C04F79EFBC}") = "Ch11Ex04", "Ch11Ex04\Ch11Ex04.csproj", "{A9BE1C8E-F1F4-4387-95F2-FF27B4AAC210}"
EndProject
Global
	GlobalSection(SolutionConfigurationPlatforms) = preSolution
		Debug|Any CPU = Debug|Any CPU
		Release|Any CPU = Release|Any CPU
	EndGlobalSection
	GlobalSection(ProjectConfigurationPlatforms) = postSolution
		{A9BE1C8E-F1F4-4387-95F2-FF27B4AAC210}.Debug|Any CPU.ActiveCfg = Debug|Any CPU
		{A9BE1C8E-F1F4-4387-95F2-FF27B4AAC210}.Debug|Any CPU.Build.0 = Debug|Any CPU
		{A9BE1C8E-F1F4-4387-95F2-FF27B4AAC210}.Release|Any CPU.ActiveCfg = Release|Any CPU
		{A9BE1C8E-F1F4-4387-95F2-FF27B4AAC210}.Release|Any CPU.Build.0 = Release|Any CPU
	EndGlobalSection
	GlobalSection(SolutionProperties) = preSolution
		HideSolutionNode = FALSE
	EndGlobalSection
	GlobalSection(ExtensibilityGlobals) = postSolution
		SolutionGuid = {28D3C1E7-AC63-41AF-89B5-56BBCDA3579E}
	EndGlobalSection
EndGlobal
