
Microsoft Visual Studio Solution File, Format Version 12.00
# Visual Studio 15
VisualStudioVersion = 15.0.27130.2036
MinimumVisualStudioVersion = 10.0.40219.1
Project("{FAE04EC0-301F-11D3-BF4B-00C04F79EFBC}") = "Ch12Ex01", "Ch12Ex01\Ch12Ex01.csproj", "{5C8F7B6E-C30D-4A53-A7A8-0F8B5382F5FA}"
EndProject
Global
	GlobalSection(SolutionConfigurationPlatforms) = preSolution
		Debug|Any CPU = Debug|Any CPU
		Release|Any CPU = Release|Any CPU
	EndGlobalSection
	GlobalSection(ProjectConfigurationPlatforms) = postSolution
		{5C8F7B6E-C30D-4A53-A7A8-0F8B5382F5FA}.Debug|Any CPU.ActiveCfg = Debug|Any CPU
		{5C8F7B6E-C30D-4A53-A7A8-0F8B5382F5FA}.Debug|Any CPU.Build.0 = Debug|Any CPU
		{5C8F7B6E-C30D-4A53-A7A8-0F8B5382F5FA}.Release|Any CPU.ActiveCfg = Release|Any CPU
		{5C8F7B6E-C30D-4A53-A7A8-0F8B5382F5FA}.Release|Any CPU.Build.0 = Release|Any CPU
	EndGlobalSection
	GlobalSection(SolutionProperties) = preSolution
		HideSolutionNode = FALSE
	EndGlobalSection
	GlobalSection(ExtensibilityGlobals) = postSolution
		SolutionGuid = {D591B7FF-5856-4D92-989F-ACAC76B03B53}
	EndGlobalSection
EndGlobal
