
Microsoft Visual Studio Solution File, Format Version 12.00
# Visual Studio 15
VisualStudioVersion = 15.0.26430.15
MinimumVisualStudioVersion = 10.0.40219.1
Project("{FAE04EC0-301F-11D3-BF4B-00C04F79EFBC}") = "practice (5)", "practice (5)\practice (5).csproj", "{1918F868-B468-4F33-A26F-FB8D2E0824CC}"
EndProject
Global
	GlobalSection(SolutionConfigurationPlatforms) = preSolution
		Debug|Any CPU = Debug|Any CPU
		Release|Any CPU = Release|Any CPU
	EndGlobalSection
	GlobalSection(ProjectConfigurationPlatforms) = postSolution
		{1918F868-B468-4F33-A26F-FB8D2E0824CC}.Debug|Any CPU.ActiveCfg = Debug|Any CPU
		{1918F868-B468-4F33-A26F-FB8D2E0824CC}.Debug|Any CPU.Build.0 = Debug|Any CPU
		{1918F868-B468-4F33-A26F-FB8D2E0824CC}.Release|Any CPU.ActiveCfg = Release|Any CPU
		{1918F868-B468-4F33-A26F-FB8D2E0824CC}.Release|Any CPU.Build.0 = Release|Any CPU
	EndGlobalSection
	GlobalSection(SolutionProperties) = preSolution
		HideSolutionNode = FALSE
	EndGlobalSection
EndGlobal
