
Microsoft Visual Studio Solution File, Format Version 12.00
# Visual Studio 15
VisualStudioVersion = 15.0.26730.16
MinimumVisualStudioVersion = 10.0.40219.1
Project("{FAE04EC0-301F-11D3-BF4B-00C04F79EFBC}") = "Ch11Ex01", "Ch11Ex01\Ch11Ex01.csproj", "{61C1F054-2FE2-4070-81CA-70C2D43AC61A}"
EndProject
Global
	GlobalSection(SolutionConfigurationPlatforms) = preSolution
		Debug|Any CPU = Debug|Any CPU
		Release|Any CPU = Release|Any CPU
	EndGlobalSection
	GlobalSection(ProjectConfigurationPlatforms) = postSolution
		{61C1F054-2FE2-4070-81CA-70C2D43AC61A}.Debug|Any CPU.ActiveCfg = Debug|Any CPU
		{61C1F054-2FE2-4070-81CA-70C2D43AC61A}.Debug|Any CPU.Build.0 = Debug|Any CPU
		{61C1F054-2FE2-4070-81CA-70C2D43AC61A}.Release|Any CPU.ActiveCfg = Release|Any CPU
		{61C1F054-2FE2-4070-81CA-70C2D43AC61A}.Release|Any CPU.Build.0 = Release|Any CPU
	EndGlobalSection
	GlobalSection(SolutionProperties) = preSolution
		HideSolutionNode = FALSE
	EndGlobalSection
	GlobalSection(ExtensibilityGlobals) = postSolution
		SolutionGuid = {8E166330-A1AF-4439-BAF3-4512FE461BF6}
	EndGlobalSection
EndGlobal
