
Microsoft Visual Studio Solution File, Format Version 12.00
# Visual Studio 15
VisualStudioVersion = 15.0.26430.16
MinimumVisualStudioVersion = 10.0.40219.1
Project("{FAE04EC0-301F-11D3-BF4B-00C04F79EFBC}") = "practice6.7(5)", "practice6.7(5)\practice6.7(5).csproj", "{CC6D728C-79DA-4073-B028-AF28905A9355}"
EndProject
Global
	GlobalSection(SolutionConfigurationPlatforms) = preSolution
		Debug|Any CPU = Debug|Any CPU
		Release|Any CPU = Release|Any CPU
	EndGlobalSection
	GlobalSection(ProjectConfigurationPlatforms) = postSolution
		{CC6D728C-79DA-4073-B028-AF28905A9355}.Debug|Any CPU.ActiveCfg = Debug|Any CPU
		{CC6D728C-79DA-4073-B028-AF28905A9355}.Debug|Any CPU.Build.0 = Debug|Any CPU
		{CC6D728C-79DA-4073-B028-AF28905A9355}.Release|Any CPU.ActiveCfg = Release|Any CPU
		{CC6D728C-79DA-4073-B028-AF28905A9355}.Release|Any CPU.Build.0 = Release|Any CPU
	EndGlobalSection
	GlobalSection(SolutionProperties) = preSolution
		HideSolutionNode = FALSE
	EndGlobalSection
EndGlobal
