
Microsoft Visual Studio Solution File, Format Version 12.00
# Visual Studio 15
VisualStudioVersion = 15.0.27004.2008
MinimumVisualStudioVersion = 10.0.40219.1
Project("{FAE04EC0-301F-11D3-BF4B-00C04F79EFBC}") = "hashPhone", "hashPhone\hashPhone.csproj", "{61A8F378-A477-45DE-A30F-01075E5AF2F5}"
EndProject
Global
	GlobalSection(SolutionConfigurationPlatforms) = preSolution
		Debug|Any CPU = Debug|Any CPU
		Release|Any CPU = Release|Any CPU
	EndGlobalSection
	GlobalSection(ProjectConfigurationPlatforms) = postSolution
		{61A8F378-A477-45DE-A30F-01075E5AF2F5}.Debug|Any CPU.ActiveCfg = Debug|Any CPU
		{61A8F378-A477-45DE-A30F-01075E5AF2F5}.Debug|Any CPU.Build.0 = Debug|Any CPU
		{61A8F378-A477-45DE-A30F-01075E5AF2F5}.Release|Any CPU.ActiveCfg = Release|Any CPU
		{61A8F378-A477-45DE-A30F-01075E5AF2F5}.Release|Any CPU.Build.0 = Release|Any CPU
	EndGlobalSection
	GlobalSection(SolutionProperties) = preSolution
		HideSolutionNode = FALSE
	EndGlobalSection
	GlobalSection(ExtensibilityGlobals) = postSolution
		SolutionGuid = {B0FD3E6B-0253-41BB-BA62-F337058474BB}
	EndGlobalSection
EndGlobal
